
Microsoft Visual Studio Solution File, Format Version 12.00
# Visual Studio Version 17
VisualStudioVersion = 17.2.32616.157
MinimumVisualStudioVersion = 10.0.40219.1
Project("{9A19103F-16F7-4668-BE54-9A1E7A4F7556}") = "WebCoseo", "WebCoseo\WebCoseo.csproj", "{A5F26A0E-6224-4B5E-A951-CD01EA76A259}"
EndProject
Global
	GlobalSection(SolutionConfigurationPlatforms) = preSolution
		Debug|Any CPU = Debug|Any CPU
		Release|Any CPU = Release|Any CPU
	EndGlobalSection
	GlobalSection(ProjectConfigurationPlatforms) = postSolution
		{A5F26A0E-6224-4B5E-A951-CD01EA76A259}.Debug|Any CPU.ActiveCfg = Debug|Any CPU
		{A5F26A0E-6224-4B5E-A951-CD01EA76A259}.Debug|Any CPU.Build.0 = Debug|Any CPU
		{A5F26A0E-6224-4B5E-A951-CD01EA76A259}.Release|Any CPU.ActiveCfg = Release|Any CPU
		{A5F26A0E-6224-4B5E-A951-CD01EA76A259}.Release|Any CPU.Build.0 = Release|Any CPU
	EndGlobalSection
	GlobalSection(SolutionProperties) = preSolution
		HideSolutionNode = FALSE
	EndGlobalSection
	GlobalSection(ExtensibilityGlobals) = postSolution
		SolutionGuid = {D4E8772D-7EAC-44AE-A9C0-8F88DAA144B0}
	EndGlobalSection
EndGlobal
